
Microsoft Visual Studio Solution File, Format Version 12.00
# Visual Studio 2013
VisualStudioVersion = 12.0.20827.3
MinimumVisualStudioVersion = 10.0.40219.1
Project("{8BC9CEB8-8B4A-11D0-8D11-00A0C91BC942}") = "12_OpenGL", "12_OpenGL\12_OpenGL.vcxproj", "{4258B29D-D45D-4060-AEFA-BFB463AD7F82}"
EndProject
Project("{8BC9CEB8-8B4A-11D0-8D11-00A0C91BC942}") = "10_AudioFmod", "10_AudioFmod\10_AudioFmod.vcxproj", "{FBBA23AC-7C8B-4EF1-B66B-0CA9EAB2062E}"
EndProject
Project("{8BC9CEB8-8B4A-11D0-8D11-00A0C91BC942}") = "11_SDL", "11_SDL\11_SDL.vcxproj", "{C3E1B30D-5DC0-43AE-86F7-8064C23DE578}"
EndProject
Project("{8BC9CEB8-8B4A-11D0-8D11-00A0C91BC942}") = "13_SFML", "13_SFML\13_SFML.vcxproj", "{CF8588B9-ACB2-4B25-BD6D-3E566B4DD0E3}"
EndProject
Project("{8BC9CEB8-8B4A-11D0-8D11-00A0C91BC942}") = "14_Fmod_SFML_Equalizer", "14_Fmod_SFML_Equalizer\14_Fmod_SFML_Equalizer.vcxproj", "{87C57FAB-1D37-4CCE-B88D-B8ED766E37B8}"
EndProject
Project("{8BC9CEB8-8B4A-11D0-8D11-00A0C91BC942}") = "05_MsSpeechApi", "05_MsSpeechApi\05_MsSpeechApi.vcxproj", "{386C737D-8DB5-4A18-8C61-E70454094F22}"
EndProject
Project("{8BC9CEB8-8B4A-11D0-8D11-00A0C91BC942}") = "09_Templates", "09_Templates\09_Templates.vcxproj", "{3F86D2EB-9680-4848-BE40-DBD0E8E68AB4}"
EndProject
Project("{8BC9CEB8-8B4A-11D0-8D11-00A0C91BC942}") = "15_WebService_gSoap", "15_WebService_gSoap\15_WebService_gSoap.vcxproj", "{62567557-48E6-46D2-9017-A3965DD1F058}"
EndProject
Project("{8BC9CEB8-8B4A-11D0-8D11-00A0C91BC942}") = "16_Boost_example", "16_Boost_example\16_Boost_example.vcxproj", "{EE583C83-F7D2-4B77-85C7-B07FF6448685}"
EndProject
Project("{8BC9CEB8-8B4A-11D0-8D11-00A0C91BC942}") = "04_WinAPI", "04_WinAPI\04_WinAPI.vcxproj", "{0116B0D6-DC26-4004-A586-311416C9742A}"
EndProject
Project("{8BC9CEB8-8B4A-11D0-8D11-00A0C91BC942}") = "01_FileIO", "01_FileIO\01_FileIO.vcxproj", "{C86ABB87-75CF-47AE-9FFC-D9808E0DAB8E}"
EndProject
Project("{8BC9CEB8-8B4A-11D0-8D11-00A0C91BC942}") = "17_ThreadSafe", "17_ThreadSafe\17_ThreadSafe.vcxproj", "{A7A80784-5066-44CA-B59A-00985C939122}"
EndProject
Project("{8BC9CEB8-8B4A-11D0-8D11-00A0C91BC942}") = "18_HotKeys", "18_HotKeys\18_HotKeys.vcxproj", "{404F3B8D-AE70-443A-80AA-44CCFBA65B79}"
EndProject
Project("{8BC9CEB8-8B4A-11D0-8D11-00A0C91BC942}") = "19_socket", "19_socket\19_socket.vcxproj", "{49F6A6E3-BD4A-4E2A-9375-3B5F75C0989F}"
EndProject
Project("{8BC9CEB8-8B4A-11D0-8D11-00A0C91BC942}") = "06_Virtual_function", "06_Virtual_function\06_Virtual_function.vcxproj", "{2759F129-4E5E-468B-87E0-D04CC4BC52C6}"
EndProject
Project("{8BC9CEB8-8B4A-11D0-8D11-00A0C91BC942}") = "02_Shared_Pointer", "02_Shared_Pointer\02_Shared_Pointer.vcxproj", "{84C2507E-C992-407E-A726-3BDC8A8424C2}"
EndProject
Global
	GlobalSection(SolutionConfigurationPlatforms) = preSolution
		Debug|Win32 = Debug|Win32
		Release|Win32 = Release|Win32
	EndGlobalSection
	GlobalSection(ProjectConfigurationPlatforms) = postSolution
		{4258B29D-D45D-4060-AEFA-BFB463AD7F82}.Debug|Win32.ActiveCfg = Debug|Win32
		{4258B29D-D45D-4060-AEFA-BFB463AD7F82}.Debug|Win32.Build.0 = Debug|Win32
		{4258B29D-D45D-4060-AEFA-BFB463AD7F82}.Release|Win32.ActiveCfg = Release|Win32
		{4258B29D-D45D-4060-AEFA-BFB463AD7F82}.Release|Win32.Build.0 = Release|Win32
		{FBBA23AC-7C8B-4EF1-B66B-0CA9EAB2062E}.Debug|Win32.ActiveCfg = Debug|Win32
		{FBBA23AC-7C8B-4EF1-B66B-0CA9EAB2062E}.Debug|Win32.Build.0 = Debug|Win32
		{FBBA23AC-7C8B-4EF1-B66B-0CA9EAB2062E}.Release|Win32.ActiveCfg = Release|Win32
		{FBBA23AC-7C8B-4EF1-B66B-0CA9EAB2062E}.Release|Win32.Build.0 = Release|Win32
		{C3E1B30D-5DC0-43AE-86F7-8064C23DE578}.Debug|Win32.ActiveCfg = Debug|Win32
		{C3E1B30D-5DC0-43AE-86F7-8064C23DE578}.Debug|Win32.Build.0 = Debug|Win32
		{C3E1B30D-5DC0-43AE-86F7-8064C23DE578}.Release|Win32.ActiveCfg = Release|Win32
		{C3E1B30D-5DC0-43AE-86F7-8064C23DE578}.Release|Win32.Build.0 = Release|Win32
		{CF8588B9-ACB2-4B25-BD6D-3E566B4DD0E3}.Debug|Win32.ActiveCfg = Debug|Win32
		{CF8588B9-ACB2-4B25-BD6D-3E566B4DD0E3}.Debug|Win32.Build.0 = Debug|Win32
		{CF8588B9-ACB2-4B25-BD6D-3E566B4DD0E3}.Release|Win32.ActiveCfg = Release|Win32
		{CF8588B9-ACB2-4B25-BD6D-3E566B4DD0E3}.Release|Win32.Build.0 = Release|Win32
		{87C57FAB-1D37-4CCE-B88D-B8ED766E37B8}.Debug|Win32.ActiveCfg = Debug|Win32
		{87C57FAB-1D37-4CCE-B88D-B8ED766E37B8}.Debug|Win32.Build.0 = Debug|Win32
		{87C57FAB-1D37-4CCE-B88D-B8ED766E37B8}.Release|Win32.ActiveCfg = Release|Win32
		{87C57FAB-1D37-4CCE-B88D-B8ED766E37B8}.Release|Win32.Build.0 = Release|Win32
		{386C737D-8DB5-4A18-8C61-E70454094F22}.Debug|Win32.ActiveCfg = Debug|Win32
		{386C737D-8DB5-4A18-8C61-E70454094F22}.Debug|Win32.Build.0 = Debug|Win32
		{386C737D-8DB5-4A18-8C61-E70454094F22}.Release|Win32.ActiveCfg = Release|Win32
		{386C737D-8DB5-4A18-8C61-E70454094F22}.Release|Win32.Build.0 = Release|Win32
		{3F86D2EB-9680-4848-BE40-DBD0E8E68AB4}.Debug|Win32.ActiveCfg = Debug|Win32
		{3F86D2EB-9680-4848-BE40-DBD0E8E68AB4}.Debug|Win32.Build.0 = Debug|Win32
		{3F86D2EB-9680-4848-BE40-DBD0E8E68AB4}.Release|Win32.ActiveCfg = Release|Win32
		{3F86D2EB-9680-4848-BE40-DBD0E8E68AB4}.Release|Win32.Build.0 = Release|Win32
		{62567557-48E6-46D2-9017-A3965DD1F058}.Debug|Win32.ActiveCfg = Debug|Win32
		{62567557-48E6-46D2-9017-A3965DD1F058}.Debug|Win32.Build.0 = Debug|Win32
		{62567557-48E6-46D2-9017-A3965DD1F058}.Release|Win32.ActiveCfg = Release|Win32
		{62567557-48E6-46D2-9017-A3965DD1F058}.Release|Win32.Build.0 = Release|Win32
		{EE583C83-F7D2-4B77-85C7-B07FF6448685}.Debug|Win32.ActiveCfg = Debug|Win32
		{EE583C83-F7D2-4B77-85C7-B07FF6448685}.Debug|Win32.Build.0 = Debug|Win32
		{EE583C83-F7D2-4B77-85C7-B07FF6448685}.Release|Win32.ActiveCfg = Release|Win32
		{EE583C83-F7D2-4B77-85C7-B07FF6448685}.Release|Win32.Build.0 = Release|Win32
		{0116B0D6-DC26-4004-A586-311416C9742A}.Debug|Win32.ActiveCfg = Debug|Win32
		{0116B0D6-DC26-4004-A586-311416C9742A}.Debug|Win32.Build.0 = Debug|Win32
		{0116B0D6-DC26-4004-A586-311416C9742A}.Release|Win32.ActiveCfg = Release|Win32
		{0116B0D6-DC26-4004-A586-311416C9742A}.Release|Win32.Build.0 = Release|Win32
		{C86ABB87-75CF-47AE-9FFC-D9808E0DAB8E}.Debug|Win32.ActiveCfg = Debug|Win32
		{C86ABB87-75CF-47AE-9FFC-D9808E0DAB8E}.Debug|Win32.Build.0 = Debug|Win32
		{C86ABB87-75CF-47AE-9FFC-D9808E0DAB8E}.Release|Win32.ActiveCfg = Release|Win32
		{C86ABB87-75CF-47AE-9FFC-D9808E0DAB8E}.Release|Win32.Build.0 = Release|Win32
		{A7A80784-5066-44CA-B59A-00985C939122}.Debug|Win32.ActiveCfg = Debug|Win32
		{A7A80784-5066-44CA-B59A-00985C939122}.Debug|Win32.Build.0 = Debug|Win32
		{A7A80784-5066-44CA-B59A-00985C939122}.Release|Win32.ActiveCfg = Release|Win32
		{A7A80784-5066-44CA-B59A-00985C939122}.Release|Win32.Build.0 = Release|Win32
		{404F3B8D-AE70-443A-80AA-44CCFBA65B79}.Debug|Win32.ActiveCfg = Debug|Win32
		{404F3B8D-AE70-443A-80AA-44CCFBA65B79}.Debug|Win32.Build.0 = Debug|Win32
		{404F3B8D-AE70-443A-80AA-44CCFBA65B79}.Release|Win32.ActiveCfg = Release|Win32
		{404F3B8D-AE70-443A-80AA-44CCFBA65B79}.Release|Win32.Build.0 = Release|Win32
		{49F6A6E3-BD4A-4E2A-9375-3B5F75C0989F}.Debug|Win32.ActiveCfg = Debug|Win32
		{49F6A6E3-BD4A-4E2A-9375-3B5F75C0989F}.Debug|Win32.Build.0 = Debug|Win32
		{49F6A6E3-BD4A-4E2A-9375-3B5F75C0989F}.Release|Win32.ActiveCfg = Release|Win32
		{49F6A6E3-BD4A-4E2A-9375-3B5F75C0989F}.Release|Win32.Build.0 = Release|Win32
		{2759F129-4E5E-468B-87E0-D04CC4BC52C6}.Debug|Win32.ActiveCfg = Debug|Win32
		{2759F129-4E5E-468B-87E0-D04CC4BC52C6}.Debug|Win32.Build.0 = Debug|Win32
		{2759F129-4E5E-468B-87E0-D04CC4BC52C6}.Release|Win32.ActiveCfg = Release|Win32
		{2759F129-4E5E-468B-87E0-D04CC4BC52C6}.Release|Win32.Build.0 = Release|Win32
		{84C2507E-C992-407E-A726-3BDC8A8424C2}.Debug|Win32.ActiveCfg = Debug|Win32
		{84C2507E-C992-407E-A726-3BDC8A8424C2}.Debug|Win32.Build.0 = Debug|Win32
		{84C2507E-C992-407E-A726-3BDC8A8424C2}.Release|Win32.ActiveCfg = Release|Win32
		{84C2507E-C992-407E-A726-3BDC8A8424C2}.Release|Win32.Build.0 = Release|Win32
	EndGlobalSection
	GlobalSection(SolutionProperties) = preSolution
		HideSolutionNode = FALSE
	EndGlobalSection
EndGlobal
